
Microsoft Visual Studio Solution File, Format Version 12.00
# Visual Studio Version 16
VisualStudioVersion = 16.0.31605.320
MinimumVisualStudioVersion = 10.0.40219.1
Project("{FAE04EC0-301F-11D3-BF4B-00C04F79EFBC}") = "ImpulseAIO", "QAIO\ImpulseAIO.csproj", "{3070C9A0-CB33-4FD5-A592-E1627BDF008D}"
EndProject
Global
	GlobalSection(SolutionConfigurationPlatforms) = preSolution
		Debug|Any CPU = Debug|Any CPU
		Release|Any CPU = Release|Any CPU
	EndGlobalSection
	GlobalSection(ProjectConfigurationPlatforms) = postSolution
		{3070C9A0-CB33-4FD5-A592-E1627BDF008D}.Debug|Any CPU.ActiveCfg = Debug|Any CPU
		{3070C9A0-CB33-4FD5-A592-E1627BDF008D}.Debug|Any CPU.Build.0 = Debug|Any CPU
		{3070C9A0-CB33-4FD5-A592-E1627BDF008D}.Release|Any CPU.ActiveCfg = Release|Any CPU
		{3070C9A0-CB33-4FD5-A592-E1627BDF008D}.Release|Any CPU.Build.0 = Release|Any CPU
	EndGlobalSection
	GlobalSection(SolutionProperties) = preSolution
		HideSolutionNode = FALSE
	EndGlobalSection
	GlobalSection(ExtensibilityGlobals) = postSolution
		SolutionGuid = {4FA682F8-69C2-49EE-9173-7BB45BB98245}
	EndGlobalSection
EndGlobal
